
Microsoft Visual Studio Solution File, Format Version 12.00
# Visual Studio Version 16
VisualStudioVersion = 16.0.30114.105
MinimumVisualStudioVersion = 10.0.40219.1
Project("{FAE04EC0-301F-11D3-BF4B-00C04F79EFBC}") = "day01", "day01\day01.csproj", "{669C8527-BFC1-467A-AD0B-C4B326B465C5}"
EndProject
Project("{FAE04EC0-301F-11D3-BF4B-00C04F79EFBC}") = "day02", "day02\day02.csproj", "{1CADD432-CD7C-4A2A-9838-8A55058BD9B0}"
EndProject
Project("{FAE04EC0-301F-11D3-BF4B-00C04F79EFBC}") = "day03", "day03\day03.csproj", "{80B91FD9-E80A-4718-B5FA-278BEFDA4FC7}"
EndProject
Project("{FAE04EC0-301F-11D3-BF4B-00C04F79EFBC}") = "day04", "day04\day04.csproj", "{F8C1DD60-E7AD-4A58-9526-1FA9C548F804}"
EndProject
Global
	GlobalSection(SolutionConfigurationPlatforms) = preSolution
		Debug|Any CPU = Debug|Any CPU
		Release|Any CPU = Release|Any CPU
	EndGlobalSection
	GlobalSection(SolutionProperties) = preSolution
		HideSolutionNode = FALSE
	EndGlobalSection
	GlobalSection(ProjectConfigurationPlatforms) = postSolution
		{669C8527-BFC1-467A-AD0B-C4B326B465C5}.Debug|Any CPU.ActiveCfg = Debug|Any CPU
		{669C8527-BFC1-467A-AD0B-C4B326B465C5}.Debug|Any CPU.Build.0 = Debug|Any CPU
		{669C8527-BFC1-467A-AD0B-C4B326B465C5}.Release|Any CPU.ActiveCfg = Release|Any CPU
		{669C8527-BFC1-467A-AD0B-C4B326B465C5}.Release|Any CPU.Build.0 = Release|Any CPU
		{1CADD432-CD7C-4A2A-9838-8A55058BD9B0}.Debug|Any CPU.ActiveCfg = Debug|Any CPU
		{1CADD432-CD7C-4A2A-9838-8A55058BD9B0}.Debug|Any CPU.Build.0 = Debug|Any CPU
		{1CADD432-CD7C-4A2A-9838-8A55058BD9B0}.Release|Any CPU.ActiveCfg = Release|Any CPU
		{1CADD432-CD7C-4A2A-9838-8A55058BD9B0}.Release|Any CPU.Build.0 = Release|Any CPU
		{80B91FD9-E80A-4718-B5FA-278BEFDA4FC7}.Debug|Any CPU.ActiveCfg = Debug|Any CPU
		{80B91FD9-E80A-4718-B5FA-278BEFDA4FC7}.Debug|Any CPU.Build.0 = Debug|Any CPU
		{80B91FD9-E80A-4718-B5FA-278BEFDA4FC7}.Release|Any CPU.ActiveCfg = Release|Any CPU
		{80B91FD9-E80A-4718-B5FA-278BEFDA4FC7}.Release|Any CPU.Build.0 = Release|Any CPU
		{F8C1DD60-E7AD-4A58-9526-1FA9C548F804}.Debug|Any CPU.ActiveCfg = Debug|Any CPU
		{F8C1DD60-E7AD-4A58-9526-1FA9C548F804}.Debug|Any CPU.Build.0 = Debug|Any CPU
		{F8C1DD60-E7AD-4A58-9526-1FA9C548F804}.Release|Any CPU.ActiveCfg = Release|Any CPU
		{F8C1DD60-E7AD-4A58-9526-1FA9C548F804}.Release|Any CPU.Build.0 = Release|Any CPU
	EndGlobalSection
EndGlobal
